// !$*UTF8*$!
{
	archiveVersion = 1;
	classes = {
	};
	objectVersion = 56;
	objects = {

/* Begin PBXBuildFile section */
		082203A72AB3FA3F00BE7BAC /* ViewModel.swift in Sources */ = {isa = PBXBuildFile; fileRef = 082203A62AB3FA3F00BE7BAC /* ViewModel.swift */; };
		084AE6422AB5EECA00D6568B /* Group.swift in Sources */ = {isa = PBXBuildFile; fileRef = 084AE6412AB5EECA00D6568B /* Group.swift */; };
		086FAD7F2AB3E1EE00ED146C /* Assignment2App.swift in Sources */ = {isa = PBXBuildFile; fileRef = 086FAD7E2AB3E1EE00ED146C /* Assignment2App.swift */; };
		086FAD812AB3E1EE00ED146C /* ContentView.swift in Sources */ = {isa = PBXBuildFile; fileRef = 086FAD802AB3E1EE00ED146C /* ContentView.swift */; };
		086FAD832AB3E1EE00ED146C /* Assets.xcassets in Resources */ = {isa = PBXBuildFile; fileRef = 086FAD822AB3E1EE00ED146C /* Assets.xcassets */; };
		086FAD862AB3E1EE00ED146C /* Preview Assets.xcassets in Resources */ = {isa = PBXBuildFile; fileRef = 086FAD852AB3E1EE00ED146C /* Preview Assets.xcassets */; };
		086FAD902AB3E1EF00ED146C /* Assignment2Tests.swift in Sources */ = {isa = PBXBuildFile; fileRef = 086FAD8F2AB3E1EF00ED146C /* Assignment2Tests.swift */; };
		086FAD9A2AB3E1EF00ED146C /* Assignment2UITests.swift in Sources */ = {isa = PBXBuildFile; fileRef = 086FAD992AB3E1EF00ED146C /* Assignment2UITests.swift */; };
		086FAD9C2AB3E1EF00ED146C /* Assignment2UITestsLaunchTests.swift in Sources */ = {isa = PBXBuildFile; fileRef = 086FAD9B2AB3E1EF00ED146C /* Assignment2UITestsLaunchTests.swift */; };
		08D951C02AB440EF000125A9 /* HomeView.swift in Sources */ = {isa = PBXBuildFile; fileRef = 08D951BF2AB440EF000125A9 /* HomeView.swift */; };
		08D951C22AB4C1A9000125A9 /* ContactView.swift in Sources */ = {isa = PBXBuildFile; fileRef = 08D951C12AB4C1A9000125A9 /* ContactView.swift */; };
		08D951C42AB4C1BA000125A9 /* PersonaliseView.swift in Sources */ = {isa = PBXBuildFile; fileRef = 08D951C32AB4C1BA000125A9 /* PersonaliseView.swift */; };
		08DB8EC12AB7464E0083EE22 /* EditMessageView.swift in Sources */ = {isa = PBXBuildFile; fileRef = 08DB8EC02AB7464E0083EE22 /* EditMessageView.swift */; };
/* End PBXBuildFile section */

/* Begin PBXContainerItemProxy section */
		086FAD8C2AB3E1EF00ED146C /* PBXContainerItemProxy */ = {
			isa = PBXContainerItemProxy;
			containerPortal = 086FAD732AB3E1EE00ED146C /* Project object */;
			proxyType = 1;
			remoteGlobalIDString = 086FAD7A2AB3E1EE00ED146C;
			remoteInfo = Assignment2;
		};
		086FAD962AB3E1EF00ED146C /* PBXContainerItemProxy */ = {
			isa = PBXContainerItemProxy;
			containerPortal = 086FAD732AB3E1EE00ED146C /* Project object */;
			proxyType = 1;
			remoteGlobalIDString = 086FAD7A2AB3E1EE00ED146C;
			remoteInfo = Assignment2;
		};
/* End PBXContainerItemProxy section */

/* Begin PBXFileReference section */
		082203A62AB3FA3F00BE7BAC /* ViewModel.swift */ = {isa = PBXFileReference; lastKnownFileType = sourcecode.swift; path = ViewModel.swift; sourceTree = "<group>"; };
		084AE6412AB5EECA00D6568B /* Group.swift */ = {isa = PBXFileReference; lastKnownFileType = sourcecode.swift; path = Group.swift; sourceTree = "<group>"; };
		086FAD7B2AB3E1EE00ED146C /* Assignment2.app */ = {isa = PBXFileReference; explicitFileType = wrapper.application; includeInIndex = 0; path = Assignment2.app; sourceTree = BUILT_PRODUCTS_DIR; };
		086FAD7E2AB3E1EE00ED146C /* Assignment2App.swift */ = {isa = PBXFileReference; lastKnownFileType = sourcecode.swift; path = Assignment2App.swift; sourceTree = "<group>"; };
		086FAD802AB3E1EE00ED146C /* ContentView.swift */ = {isa = PBXFileReference; lastKnownFileType = sourcecode.swift; path = ContentView.swift; sourceTree = "<group>"; };
		086FAD822AB3E1EE00ED146C /* Assets.xcassets */ = {isa = PBXFileReference; lastKnownFileType = folder.assetcatalog; path = Assets.xcassets; sourceTree = "<group>"; };
		086FAD852AB3E1EE00ED146C /* Preview Assets.xcassets */ = {isa = PBXFileReference; lastKnownFileType = folder.assetcatalog; path = "Preview Assets.xcassets"; sourceTree = "<group>"; };
		086FAD8B2AB3E1EF00ED146C /* Assignment2Tests.xctest */ = {isa = PBXFileReference; explicitFileType = wrapper.cfbundle; includeInIndex = 0; path = Assignment2Tests.xctest; sourceTree = BUILT_PRODUCTS_DIR; };
		086FAD8F2AB3E1EF00ED146C /* Assignment2Tests.swift */ = {isa = PBXFileReference; lastKnownFileType = sourcecode.swift; path = Assignment2Tests.swift; sourceTree = "<group>"; };
		086FAD952AB3E1EF00ED146C /* Assignment2UITests.xctest */ = {isa = PBXFileReference; explicitFileType = wrapper.cfbundle; includeInIndex = 0; path = Assignment2UITests.xctest; sourceTree = BUILT_PRODUCTS_DIR; };
		086FAD992AB3E1EF00ED146C /* Assignment2UITests.swift */ = {isa = PBXFileReference; lastKnownFileType = sourcecode.swift; path = Assignment2UITests.swift; sourceTree = "<group>"; };
		086FAD9B2AB3E1EF00ED146C /* Assignment2UITestsLaunchTests.swift */ = {isa = PBXFileReference; lastKnownFileType = sourcecode.swift; path = Assignment2UITestsLaunchTests.swift; sourceTree = "<group>"; };
		08D932B52AB8814200C20136 /* Info.plist */ = {isa = PBXFileReference; lastKnownFileType = text.plist; path = Info.plist; sourceTree = "<group>"; };
		08D951BF2AB440EF000125A9 /* HomeView.swift */ = {isa = PBXFileReference; lastKnownFileType = sourcecode.swift; path = HomeView.swift; sourceTree = "<group>"; };
		08D951C12AB4C1A9000125A9 /* ContactView.swift */ = {isa = PBXFileReference; lastKnownFileType = sourcecode.swift; path = ContactView.swift; sourceTree = "<group>"; };
		08D951C32AB4C1BA000125A9 /* PersonaliseView.swift */ = {isa = PBXFileReference; lastKnownFileType = sourcecode.swift; path = PersonaliseView.swift; sourceTree = "<group>"; };
		08DB8EC02AB7464E0083EE22 /* EditMessageView.swift */ = {isa = PBXFileReference; lastKnownFileType = sourcecode.swift; path = EditMessageView.swift; sourceTree = "<group>"; };
/* End PBXFileReference section */

/* Begin PBXFrameworksBuildPhase section */
		086FAD782AB3E1EE00ED146C /* Frameworks */ = {
			isa = PBXFrameworksBuildPhase;
			buildActionMask = 2147483647;
			files = (
			);
			runOnlyForDeploymentPostprocessing = 0;
		};
		086FAD882AB3E1EF00ED146C /* Frameworks */ = {
			isa = PBXFrameworksBuildPhase;
			buildActionMask = 2147483647;
			files = (
			);
			runOnlyForDeploymentPostprocessing = 0;
		};
		086FAD922AB3E1EF00ED146C /* Frameworks */ = {
			isa = PBXFrameworksBuildPhase;
			buildActionMask = 2147483647;
			files = (
			);
			runOnlyForDeploymentPostprocessing = 0;
		};
/* End PBXFrameworksBuildPhase section */

/* Begin PBXGroup section */
		082203A12AB3F9BF00BE7BAC /* ViewModel */ = {
			isa = PBXGroup;
			children = (
				082203A62AB3FA3F00BE7BAC /* ViewModel.swift */,
			);
			path = ViewModel;
			sourceTree = "<group>";
		};
		082203A22AB3F9D600BE7BAC /* View */ = {
			isa = PBXGroup;
			children = (
				08D951BF2AB440EF000125A9 /* HomeView.swift */,
				08D951C12AB4C1A9000125A9 /* ContactView.swift */,
				08D951C32AB4C1BA000125A9 /* PersonaliseView.swift */,
				08DB8EC02AB7464E0083EE22 /* EditMessageView.swift */,
			);
			path = View;
			sourceTree = "<group>";
		};
		082203A32AB3F9EA00BE7BAC /* Model */ = {
			isa = PBXGroup;
			children = (
				084AE6412AB5EECA00D6568B /* Group.swift */,
			);
			path = Model;
			sourceTree = "<group>";
		};
		086FAD722AB3E1EE00ED146C = {
			isa = PBXGroup;
			children = (
				086FAD7D2AB3E1EE00ED146C /* Assignment2 */,
				086FAD8E2AB3E1EF00ED146C /* Assignment2Tests */,
				086FAD982AB3E1EF00ED146C /* Assignment2UITests */,
				086FAD7C2AB3E1EE00ED146C /* Products */,
			);
			sourceTree = "<group>";
		};
		086FAD7C2AB3E1EE00ED146C /* Products */ = {
			isa = PBXGroup;
			children = (
				086FAD7B2AB3E1EE00ED146C /* Assignment2.app */,
				086FAD8B2AB3E1EF00ED146C /* Assignment2Tests.xctest */,
				086FAD952AB3E1EF00ED146C /* Assignment2UITests.xctest */,
			);
			name = Products;
			sourceTree = "<group>";
		};
		086FAD7D2AB3E1EE00ED146C /* Assignment2 */ = {
			isa = PBXGroup;
			children = (
				08D932B52AB8814200C20136 /* Info.plist */,
				086FAD7E2AB3E1EE00ED146C /* Assignment2App.swift */,
				086FAD802AB3E1EE00ED146C /* ContentView.swift */,
				082203A22AB3F9D600BE7BAC /* View */,
				082203A12AB3F9BF00BE7BAC /* ViewModel */,
				082203A32AB3F9EA00BE7BAC /* Model */,
				086FAD842AB3E1EE00ED146C /* Preview Content */,
				086FAD822AB3E1EE00ED146C /* Assets.xcassets */,
			);
			path = Assignment2;
			sourceTree = "<group>";
		};
		086FAD842AB3E1EE00ED146C /* Preview Content */ = {
			isa = PBXGroup;
			children = (
				086FAD852AB3E1EE00ED146C /* Preview Assets.xcassets */,
			);
			path = "Preview Content";
			sourceTree = "<group>";
		};
		086FAD8E2AB3E1EF00ED146C /* Assignment2Tests */ = {
			isa = PBXGroup;
			children = (
				086FAD8F2AB3E1EF00ED146C /* Assignment2Tests.swift */,
			);
			path = Assignment2Tests;
			sourceTree = "<group>";
		};
		086FAD982AB3E1EF00ED146C /* Assignment2UITests */ = {
			isa = PBXGroup;
			children = (
				086FAD992AB3E1EF00ED146C /* Assignment2UITests.swift */,
				086FAD9B2AB3E1EF00ED146C /* Assignment2UITestsLaunchTests.swift */,
			);
			path = Assignment2UITests;
			sourceTree = "<group>";
		};
/* End PBXGroup section */

/* Begin PBXNativeTarget section */
		086FAD7A2AB3E1EE00ED146C /* Assignment2 */ = {
			isa = PBXNativeTarget;
			buildConfigurationList = 086FAD9F2AB3E1EF00ED146C /* Build configuration list for PBXNativeTarget "Assignment2" */;
			buildPhases = (
				086FAD772AB3E1EE00ED146C /* Sources */,
				086FAD782AB3E1EE00ED146C /* Frameworks */,
				086FAD792AB3E1EE00ED146C /* Resources */,
			);
			buildRules = (
			);
			dependencies = (
			);
			name = Assignment2;
			productName = Assignment2;
			productReference = 086FAD7B2AB3E1EE00ED146C /* Assignment2.app */;
			productType = "com.apple.product-type.application";
		};
		086FAD8A2AB3E1EF00ED146C /* Assignment2Tests */ = {
			isa = PBXNativeTarget;
			buildConfigurationList = 086FADA22AB3E1EF00ED146C /* Build configuration list for PBXNativeTarget "Assignment2Tests" */;
			buildPhases = (
				086FAD872AB3E1EF00ED146C /* Sources */,
				086FAD882AB3E1EF00ED146C /* Frameworks */,
				086FAD892AB3E1EF00ED146C /* Resources */,
			);
			buildRules = (
			);
			dependencies = (
				086FAD8D2AB3E1EF00ED146C /* PBXTargetDependency */,
			);
			name = Assignment2Tests;
			productName = Assignment2Tests;
			productReference = 086FAD8B2AB3E1EF00ED146C /* Assignment2Tests.xctest */;
			productType = "com.apple.product-type.bundle.unit-test";
		};
		086FAD942AB3E1EF00ED146C /* Assignment2UITests */ = {
			isa = PBXNativeTarget;
			buildConfigurationList = 086FADA52AB3E1EF00ED146C /* Build configuration list for PBXNativeTarget "Assignment2UITests" */;
			buildPhases = (
				086FAD912AB3E1EF00ED146C /* Sources */,
				086FAD922AB3E1EF00ED146C /* Frameworks */,
				086FAD932AB3E1EF00ED146C /* Resources */,
			);
			buildRules = (
			);
			dependencies = (
				086FAD972AB3E1EF00ED146C /* PBXTargetDependency */,
			);
			name = Assignment2UITests;
			productName = Assignment2UITests;
			productReference = 086FAD952AB3E1EF00ED146C /* Assignment2UITests.xctest */;
			productType = "com.apple.product-type.bundle.ui-testing";
		};
/* End PBXNativeTarget section */

/* Begin PBXProject section */
		086FAD732AB3E1EE00ED146C /* Project object */ = {
			isa = PBXProject;
			attributes = {
				BuildIndependentTargetsInParallel = 1;
				LastSwiftUpdateCheck = 1430;
				LastUpgradeCheck = 1430;
				TargetAttributes = {
					086FAD7A2AB3E1EE00ED146C = {
						CreatedOnToolsVersion = 14.3.1;
					};
					086FAD8A2AB3E1EF00ED146C = {
						CreatedOnToolsVersion = 14.3.1;
						TestTargetID = 086FAD7A2AB3E1EE00ED146C;
					};
					086FAD942AB3E1EF00ED146C = {
						CreatedOnToolsVersion = 14.3.1;
						TestTargetID = 086FAD7A2AB3E1EE00ED146C;
					};
				};
			};
			buildConfigurationList = 086FAD762AB3E1EE00ED146C /* Build configuration list for PBXProject "Assignment2" */;
			compatibilityVersion = "Xcode 14.0";
			developmentRegion = en;
			hasScannedForEncodings = 0;
			knownRegions = (
				en,
				Base,
			);
			mainGroup = 086FAD722AB3E1EE00ED146C;
			productRefGroup = 086FAD7C2AB3E1EE00ED146C /* Products */;
			projectDirPath = "";
			projectRoot = "";
			targets = (
				086FAD7A2AB3E1EE00ED146C /* Assignment2 */,
				086FAD8A2AB3E1EF00ED146C /* Assignment2Tests */,
				086FAD942AB3E1EF00ED146C /* Assignment2UITests */,
			);
		};
/* End PBXProject section */

/* Begin PBXResourcesBuildPhase section */
		086FAD792AB3E1EE00ED146C /* Resources */ = {
			isa = PBXResourcesBuildPhase;
			buildActionMask = 2147483647;
			files = (
				086FAD862AB3E1EE00ED146C /* Preview Assets.xcassets in Resources */,
				086FAD832AB3E1EE00ED146C /* Assets.xcassets in Resources */,
			);
			runOnlyForDeploymentPostprocessing = 0;
		};
		086FAD892AB3E1EF00ED146C /* Resources */ = {
			isa = PBXResourcesBuildPhase;
			buildActionMask = 2147483647;
			files = (
			);
			runOnlyForDeploymentPostprocessing = 0;
		};
		086FAD932AB3E1EF00ED146C /* Resources */ = {
			isa = PBXResourcesBuildPhase;
			buildActionMask = 2147483647;
			files = (
			);
			runOnlyForDeploymentPostprocessing = 0;
		};
/* End PBXResourcesBuildPhase section */

/* Begin PBXSourcesBuildPhase section */
		086FAD772AB3E1EE00ED146C /* Sources */ = {
			isa = PBXSourcesBuildPhase;
			buildActionMask = 2147483647;
			files = (
				084AE6422AB5EECA00D6568B /* Group.swift in Sources */,
				086FAD812AB3E1EE00ED146C /* ContentView.swift in Sources */,
				08D951C02AB440EF000125A9 /* HomeView.swift in Sources */,
				086FAD7F2AB3E1EE00ED146C /* Assignment2App.swift in Sources */,
				08D951C22AB4C1A9000125A9 /* ContactView.swift in Sources */,
				08D951C42AB4C1BA000125A9 /* PersonaliseView.swift in Sources */,
				08DB8EC12AB7464E0083EE22 /* EditMessageView.swift in Sources */,
				082203A72AB3FA3F00BE7BAC /* ViewModel.swift in Sources */,
			);
			runOnlyForDeploymentPostprocessing = 0;
		};
		086FAD872AB3E1EF00ED146C /* Sources */ = {
			isa = PBXSourcesBuildPhase;
			buildActionMask = 2147483647;
			files = (
				086FAD902AB3E1EF00ED146C /* Assignment2Tests.swift in Sources */,
			);
			runOnlyForDeploymentPostprocessing = 0;
		};
		086FAD912AB3E1EF00ED146C /* Sources */ = {
			isa = PBXSourcesBuildPhase;
			buildActionMask = 2147483647;
			files = (
				086FAD9C2AB3E1EF00ED146C /* Assignment2UITestsLaunchTests.swift in Sources */,
				086FAD9A2AB3E1EF00ED146C /* Assignment2UITests.swift in Sources */,
			);
			runOnlyForDeploymentPostprocessing = 0;
		};
/* End PBXSourcesBuildPhase section */

/* Begin PBXTargetDependency section */
		086FAD8D2AB3E1EF00ED146C /* PBXTargetDependency */ = {
			isa = PBXTargetDependency;
			target = 086FAD7A2AB3E1EE00ED146C /* Assignment2 */;
			targetProxy = 086FAD8C2AB3E1EF00ED146C /* PBXContainerItemProxy */;
		};
		086FAD972AB3E1EF00ED146C /* PBXTargetDependency */ = {
			isa = PBXTargetDependency;
			target = 086FAD7A2AB3E1EE00ED146C /* Assignment2 */;
			targetProxy = 086FAD962AB3E1EF00ED146C /* PBXContainerItemProxy */;
		};
/* End PBXTargetDependency section */

/* Begin XCBuildConfiguration section */
		086FAD9D2AB3E1EF00ED146C /* Debug */ = {
			isa = XCBuildConfiguration;
			buildSettings = {
				ALWAYS_SEARCH_USER_PATHS = NO;
				CLANG_ANALYZER_NONNULL = YES;
				CLANG_ANALYZER_NUMBER_OBJECT_CONVERSION = YES_AGGRESSIVE;
				CLANG_CXX_LANGUAGE_STANDARD = "gnu++20";
				CLANG_ENABLE_MODULES = YES;
				CLANG_ENABLE_OBJC_ARC = YES;
				CLANG_ENABLE_OBJC_WEAK = YES;
				CLANG_WARN_BLOCK_CAPTURE_AUTORELEASING = YES;
				CLANG_WARN_BOOL_CONVERSION = YES;
				CLANG_WARN_COMMA = YES;
				CLANG_WARN_CONSTANT_CONVERSION = YES;
				CLANG_WARN_DEPRECATED_OBJC_IMPLEMENTATIONS = YES;
				CLANG_WARN_DIRECT_OBJC_ISA_USAGE = YES_ERROR;
				CLANG_WARN_DOCUMENTATION_COMMENTS = YES;
				CLANG_WARN_EMPTY_BODY = YES;
				CLANG_WARN_ENUM_CONVERSION = YES;
				CLANG_WARN_INFINITE_RECURSION = YES;
				CLANG_WARN_INT_CONVERSION = YES;
				CLANG_WARN_NON_LITERAL_NULL_CONVERSION = YES;
				CLANG_WARN_OBJC_IMPLICIT_RETAIN_SELF = YES;
				CLANG_WARN_OBJC_LITERAL_CONVERSION = YES;
				CLANG_WARN_OBJC_ROOT_CLASS = YES_ERROR;
				CLANG_WARN_QUOTED_INCLUDE_IN_FRAMEWORK_HEADER = YES;
				CLANG_WARN_RANGE_LOOP_ANALYSIS = YES;
				CLANG_WARN_STRICT_PROTOTYPES = YES;
				CLANG_WARN_SUSPICIOUS_MOVE = YES;
				CLANG_WARN_UNGUARDED_AVAILABILITY = YES_AGGRESSIVE;
				CLANG_WARN_UNREACHABLE_CODE = YES;
				CLANG_WARN__DUPLICATE_METHOD_MATCH = YES;
				COPY_PHASE_STRIP = NO;
				DEBUG_INFORMATION_FORMAT = dwarf;
				ENABLE_STRICT_OBJC_MSGSEND = YES;
				ENABLE_TESTABILITY = YES;
				GCC_C_LANGUAGE_STANDARD = gnu11;
				GCC_DYNAMIC_NO_PIC = NO;
				GCC_NO_COMMON_BLOCKS = YES;
				GCC_OPTIMIZATION_LEVEL = 0;
				GCC_PREPROCESSOR_DEFINITIONS = (
					"DEBUG=1",
					"$(inherited)",
				);
				GCC_WARN_64_TO_32_BIT_CONVERSION = YES;
				GCC_WARN_ABOUT_RETURN_TYPE = YES_ERROR;
				GCC_WARN_UNDECLARED_SELECTOR = YES;
				GCC_WARN_UNINITIALIZED_AUTOS = YES_AGGRESSIVE;
				GCC_WARN_UNUSED_FUNCTION = YES;
				GCC_WARN_UNUSED_VARIABLE = YES;
				IPHONEOS_DEPLOYMENT_TARGET = 16.4;
				MTL_ENABLE_DEBUG_INFO = INCLUDE_SOURCE;
				MTL_FAST_MATH = YES;
				ONLY_ACTIVE_ARCH = YES;
				SDKROOT = iphoneos;
				SWIFT_ACTIVE_COMPILATION_CONDITIONS = DEBUG;
				SWIFT_OPTIMIZATION_LEVEL = "-Onone";
			};
			name = Debug;
		};
		086FAD9E2AB3E1EF00ED146C /* Release */ = {
			isa = XCBuildConfiguration;
			buildSettings = {
				ALWAYS_SEARCH_USER_PATHS = NO;
				CLANG_ANALYZER_NONNULL = YES;
				CLANG_ANALYZER_NUMBER_OBJECT_CONVERSION = YES_AGGRESSIVE;
				CLANG_CXX_LANGUAGE_STANDARD = "gnu++20";
				CLANG_ENABLE_MODULES = YES;
				CLANG_ENABLE_OBJC_ARC = YES;
				CLANG_ENABLE_OBJC_WEAK = YES;
				CLANG_WARN_BLOCK_CAPTURE_AUTORELEASING = YES;
				CLANG_WARN_BOOL_CONVERSION = YES;
				CLANG_WARN_COMMA = YES;
				CLANG_WARN_CONSTANT_CONVERSION = YES;
				CLANG_WARN_DEPRECATED_OBJC_IMPLEMENTATIONS = YES;
				CLANG_WARN_DIRECT_OBJC_ISA_USAGE = YES_ERROR;
				CLANG_WARN_DOCUMENTATION_COMMENTS = YES;
				CLANG_WARN_EMPTY_BODY = YES;
				CLANG_WARN_ENUM_CONVERSION = YES;
				CLANG_WARN_INFINITE_RECURSION = YES;
				CLANG_WARN_INT_CONVERSION = YES;
				CLANG_WARN_NON_LITERAL_NULL_CONVERSION = YES;
				CLANG_WARN_OBJC_IMPLICIT_RETAIN_SELF = YES;
				CLANG_WARN_OBJC_LITERAL_CONVERSION = YES;
				CLANG_WARN_OBJC_ROOT_CLASS = YES_ERROR;
				CLANG_WARN_QUOTED_INCLUDE_IN_FRAMEWORK_HEADER = YES;
				CLANG_WARN_RANGE_LOOP_ANALYSIS = YES;
				CLANG_WARN_STRICT_PROTOTYPES = YES;
				CLANG_WARN_SUSPICIOUS_MOVE = YES;
				CLANG_WARN_UNGUARDED_AVAILABILITY = YES_AGGRESSIVE;
				CLANG_WARN_UNREACHABLE_CODE = YES;
				CLANG_WARN__DUPLICATE_METHOD_MATCH = YES;
				COPY_PHASE_STRIP = NO;
				DEBUG_INFORMATION_FORMAT = "dwarf-with-dsym";
				ENABLE_NS_ASSERTIONS = NO;
				ENABLE_STRICT_OBJC_MSGSEND = YES;
				GCC_C_LANGUAGE_STANDARD = gnu11;
				GCC_NO_COMMON_BLOCKS = YES;
				GCC_WARN_64_TO_32_BIT_CONVERSION = YES;
				GCC_WARN_ABOUT_RETURN_TYPE = YES_ERROR;
				GCC_WARN_UNDECLARED_SELECTOR = YES;
				GCC_WARN_UNINITIALIZED_AUTOS = YES_AGGRESSIVE;
				GCC_WARN_UNUSED_FUNCTION = YES;
				GCC_WARN_UNUSED_VARIABLE = YES;
				IPHONEOS_DEPLOYMENT_TARGET = 16.4;
				MTL_ENABLE_DEBUG_INFO = NO;
				MTL_FAST_MATH = YES;
				SDKROOT = iphoneos;
				SWIFT_COMPILATION_MODE = wholemodule;
				SWIFT_OPTIMIZATION_LEVEL = "-O";
				VALIDATE_PRODUCT = YES;
			};
			name = Release;
		};
		086FADA02AB3E1EF00ED146C /* Debug */ = {
			isa = XCBuildConfiguration;
			buildSettings = {
				ASSETCATALOG_COMPILER_APPICON_NAME = AppIcon;
				ASSETCATALOG_COMPILER_GLOBAL_ACCENT_COLOR_NAME = AccentColor;
				CODE_SIGN_STYLE = Automatic;
				CURRENT_PROJECT_VERSION = 1;
				DEVELOPMENT_ASSET_PATHS = "\"Assignment2/Preview Content\"";
				ENABLE_PREVIEWS = YES;
				GENERATE_INFOPLIST_FILE = YES;
				INFOPLIST_FILE = Assignment2/Info.plist;
				INFOPLIST_KEY_NSContactsUsageDescription = "Access contacts in order to group them";
				INFOPLIST_KEY_UIApplicationSceneManifest_Generation = YES;
				INFOPLIST_KEY_UIApplicationSupportsIndirectInputEvents = YES;
				INFOPLIST_KEY_UILaunchScreen_Generation = YES;
				INFOPLIST_KEY_UISupportedInterfaceOrientations_iPad = "UIInterfaceOrientationPortrait UIInterfaceOrientationPortraitUpsideDown UIInterfaceOrientationLandscapeLeft UIInterfaceOrientationLandscapeRight";
				INFOPLIST_KEY_UISupportedInterfaceOrientations_iPhone = "UIInterfaceOrientationPortrait UIInterfaceOrientationLandscapeLeft UIInterfaceOrientationLandscapeRight";
				LD_RUNPATH_SEARCH_PATHS = (
					"$(inherited)",
					"@executable_path/Frameworks",
				);
				MARKETING_VERSION = 1.0;
				PRODUCT_BUNDLE_IDENTIFIER = UTS.edu.au.Assignment2;
				PRODUCT_NAME = "$(TARGET_NAME)";
				SWIFT_EMIT_LOC_STRINGS = YES;
				SWIFT_VERSION = 5.0;
				TARGETED_DEVICE_FAMILY = "1,2";
			};
			name = Debug;
		};
		086FADA12AB3E1EF00ED146C /* Release */ = {
			isa = XCBuildConfiguration;
			buildSettings = {
				ASSETCATALOG_COMPILER_APPICON_NAME = AppIcon;
				ASSETCATALOG_COMPILER_GLOBAL_ACCENT_COLOR_NAME = AccentColor;
				CODE_SIGN_STYLE = Automatic;
				CURRENT_PROJECT_VERSION = 1;
				DEVELOPMENT_ASSET_PATHS = "\"Assignment2/Preview Content\"";
				ENABLE_PREVIEWS = YES;
				GENERATE_INFOPLIST_FILE = YES;
				INFOPLIST_FILE = Assignment2/Info.plist;
				INFOPLIST_KEY_NSContactsUsageDescription = "Access contacts in order to group them";
				INFOPLIST_KEY_UIApplicationSceneManifest_Generation = YES;
				INFOPLIST_KEY_UIApplicationSupportsIndirectInputEvents = YES;
				INFOPLIST_KEY_UILaunchScreen_Generation = YES;
				INFOPLIST_KEY_UISupportedInterfaceOrientations_iPad = "UIInterfaceOrientationPortrait UIInterfaceOrientationPortraitUpsideDown UIInterfaceOrientationLandscapeLeft UIInterfaceOrientationLandscapeRight";
				INFOPLIST_KEY_UISupportedInterfaceOrientations_iPhone = "UIInterfaceOrientationPortrait UIInterfaceOrientationLandscapeLeft UIInterfaceOrientationLandscapeRight";
				LD_RUNPATH_SEARCH_PATHS = (
					"$(inherited)",
					"@executable_path/Frameworks",
				);
				MARKETING_VERSION = 1.0;
				PRODUCT_BUNDLE_IDENTIFIER = UTS.edu.au.Assignment2;
				PRODUCT_NAME = "$(TARGET_NAME)";
				SWIFT_EMIT_LOC_STRINGS = YES;
				SWIFT_VERSION = 5.0;
				TARGETED_DEVICE_FAMILY = "1,2";
			};
			name = Release;
		};
		086FADA32AB3E1EF00ED146C /* Debug */ = {
			isa = XCBuildConfiguration;
			buildSettings = {
				ALWAYS_EMBED_SWIFT_STANDARD_LIBRARIES = YES;
				BUNDLE_LOADER = "$(TEST_HOST)";
				CODE_SIGN_STYLE = Automatic;
				CURRENT_PROJECT_VERSION = 1;
				GENERATE_INFOPLIST_FILE = YES;
				IPHONEOS_DEPLOYMENT_TARGET = 16.4;
				MARKETING_VERSION = 1.0;
				PRODUCT_BUNDLE_IDENTIFIER = UTS.edu.au.Assignment2Tests;
				PRODUCT_NAME = "$(TARGET_NAME)";
				SWIFT_EMIT_LOC_STRINGS = NO;
				SWIFT_VERSION = 5.0;
				TARGETED_DEVICE_FAMILY = "1,2";
				TEST_HOST = "$(BUILT_PRODUCTS_DIR)/Assignment2.app/$(BUNDLE_EXECUTABLE_FOLDER_PATH)/Assignment2";
			};
			name = Debug;
		};
		086FADA42AB3E1EF00ED146C /* Release */ = {
			isa = XCBuildConfiguration;
			buildSettings = {
				ALWAYS_EMBED_SWIFT_STANDARD_LIBRARIES = YES;
				BUNDLE_LOADER = "$(TEST_HOST)";
				CODE_SIGN_STYLE = Automatic;
				CURRENT_PROJECT_VERSION = 1;
				GENERATE_INFOPLIST_FILE = YES;
				IPHONEOS_DEPLOYMENT_TARGET = 16.4;
				MARKETING_VERSION = 1.0;
				PRODUCT_BUNDLE_IDENTIFIER = UTS.edu.au.Assignment2Tests;
				PRODUCT_NAME = "$(TARGET_NAME)";
				SWIFT_EMIT_LOC_STRINGS = NO;
				SWIFT_VERSION = 5.0;
				TARGETED_DEVICE_FAMILY = "1,2";
				TEST_HOST = "$(BUILT_PRODUCTS_DIR)/Assignment2.app/$(BUNDLE_EXECUTABLE_FOLDER_PATH)/Assignment2";
			};
			name = Release;
		};
		086FADA62AB3E1EF00ED146C /* Debug */ = {
			isa = XCBuildConfiguration;
			buildSettings = {
				ALWAYS_EMBED_SWIFT_STANDARD_LIBRARIES = YES;
				CODE_SIGN_STYLE = Automatic;
				CURRENT_PROJECT_VERSION = 1;
				GENERATE_INFOPLIST_FILE = YES;
				MARKETING_VERSION = 1.0;
				PRODUCT_BUNDLE_IDENTIFIER = UTS.edu.au.Assignment2UITests;
				PRODUCT_NAME = "$(TARGET_NAME)";
				SWIFT_EMIT_LOC_STRINGS = NO;
				SWIFT_VERSION = 5.0;
				TARGETED_DEVICE_FAMILY = "1,2";
				TEST_TARGET_NAME = Assignment2;
			};
			name = Debug;
		};
		086FADA72AB3E1EF00ED146C /* Release */ = {
			isa = XCBuildConfiguration;
			buildSettings = {
				ALWAYS_EMBED_SWIFT_STANDARD_LIBRARIES = YES;
				CODE_SIGN_STYLE = Automatic;
				CURRENT_PROJECT_VERSION = 1;
				GENERATE_INFOPLIST_FILE = YES;
				MARKETING_VERSION = 1.0;
				PRODUCT_BUNDLE_IDENTIFIER = UTS.edu.au.Assignment2UITests;
				PRODUCT_NAME = "$(TARGET_NAME)";
				SWIFT_EMIT_LOC_STRINGS = NO;
				SWIFT_VERSION = 5.0;
				TARGETED_DEVICE_FAMILY = "1,2";
				TEST_TARGET_NAME = Assignment2;
			};
			name = Release;
		};
/* End XCBuildConfiguration section */

/* Begin XCConfigurationList section */
		086FAD762AB3E1EE00ED146C /* Build configuration list for PBXProject "Assignment2" */ = {
			isa = XCConfigurationList;
			buildConfigurations = (
				086FAD9D2AB3E1EF00ED146C /* Debug */,
				086FAD9E2AB3E1EF00ED146C /* Release */,
			);
			defaultConfigurationIsVisible = 0;
			defaultConfigurationName = Release;
		};
		086FAD9F2AB3E1EF00ED146C /* Build configuration list for PBXNativeTarget "Assignment2" */ = {
			isa = XCConfigurationList;
			buildConfigurations = (
				086FADA02AB3E1EF00ED146C /* Debug */,
				086FADA12AB3E1EF00ED146C /* Release */,
			);
			defaultConfigurationIsVisible = 0;
			defaultConfigurationName = Release;
		};
		086FADA22AB3E1EF00ED146C /* Build configuration list for PBXNativeTarget "Assignment2Tests" */ = {
			isa = XCConfigurationList;
			buildConfigurations = (
				086FADA32AB3E1EF00ED146C /* Debug */,
				086FADA42AB3E1EF00ED146C /* Release */,
			);
			defaultConfigurationIsVisible = 0;
			defaultConfigurationName = Release;
		};
		086FADA52AB3E1EF00ED146C /* Build configuration list for PBXNativeTarget "Assignment2UITests" */ = {
			isa = XCConfigurationList;
			buildConfigurations = (
				086FADA62AB3E1EF00ED146C /* Debug */,
				086FADA72AB3E1EF00ED146C /* Release */,
			);
			defaultConfigurationIsVisible = 0;
			defaultConfigurationName = Release;
		};
/* End XCConfigurationList section */
	};
	rootObject = 086FAD732AB3E1EE00ED146C /* Project object */;
}
